
Microsoft Visual Studio Solution File, Format Version 12.00
# Visual Studio Version 16
VisualStudioVersion = 16.0.29230.47
MinimumVisualStudioVersion = 10.0.40219.1
Project("{FAE04EC0-301F-11D3-BF4B-00C04F79EFBC}") = "AllegroTests", "AllegroTests\AllegroTests.csproj", "{D43DCDCE-8896-49D9-97A8-C9978F1DAC7F}"
EndProject
Project("{FAE04EC0-301F-11D3-BF4B-00C04F79EFBC}") = "CeneoTests", "CeneoTests\CeneoTests.csproj", "{DCF2DBB3-E042-4E79-BA1A-DFD1B12D618E}"
	ProjectSection(ProjectDependencies) = postProject
		{8DEE175C-B023-4F10-8AB9-8E00E0CC9B8F} = {8DEE175C-B023-4F10-8AB9-8E00E0CC9B8F}
		{867DB4ED-F578-4126-B27E-D55F5397813D} = {867DB4ED-F578-4126-B27E-D55F5397813D}
	EndProjectSection
EndProject
Project("{FAE04EC0-301F-11D3-BF4B-00C04F79EFBC}") = "OlxTests", "OlxTests\OlxTests.csproj", "{8DD7C082-FB9F-4FC3-B34B-B6EFA190D0FD}"
EndProject
Project("{FAE04EC0-301F-11D3-BF4B-00C04F79EFBC}") = "CeneoFramework", "CeneoFramework\CeneoFramework.csproj", "{867DB4ED-F578-4126-B27E-D55F5397813D}"
EndProject
Project("{FAE04EC0-301F-11D3-BF4B-00C04F79EFBC}") = "Selenium", "Selenium\Selenium.csproj", "{2E32A63B-AF4F-4F2E-8F8A-177E4D2A567F}"
EndProject
Project("{FAE04EC0-301F-11D3-BF4B-00C04F79EFBC}") = "WordPressTests", "WordPressTests\WordPressTests.csproj", "{6A216443-C7F2-403F-88E7-B2D7C285C468}"
EndProject
Project("{FAE04EC0-301F-11D3-BF4B-00C04F79EFBC}") = "WordPressFramework", "WordPressFramework\WordPressFramework.csproj", "{B74B901E-4D4D-4D0D-A7DE-1472F8CEF551}"
EndProject
Project("{FAE04EC0-301F-11D3-BF4B-00C04F79EFBC}") = "OlxFramework", "OlxFramework\OlxFramework.csproj", "{D6702E43-1608-4956-B63D-3D53346FB196}"
	ProjectSection(ProjectDependencies) = postProject
		{8DEE175C-B023-4F10-8AB9-8E00E0CC9B8F} = {8DEE175C-B023-4F10-8AB9-8E00E0CC9B8F}
	EndProjectSection
EndProject
Project("{FAE04EC0-301F-11D3-BF4B-00C04F79EFBC}") = "TestContexts", "TestContexts\TestContexts.csproj", "{8DEE175C-B023-4F10-8AB9-8E00E0CC9B8F}"
EndProject
Project("{FAE04EC0-301F-11D3-BF4B-00C04F79EFBC}") = "SetUpFramework", "SetUpFramework\SetUpFramework.csproj", "{6834AD63-0FA8-4F5D-A16E-E019DC4EB2D6}"
EndProject
Project("{2150E333-8FDC-42A3-9474-1A3956D46DE8}") = "Tests", "Tests", "{816BF9AA-CAF9-4B90-9B6E-BC688A7585CF}"
EndProject
Project("{2150E333-8FDC-42A3-9474-1A3956D46DE8}") = "Frameworks", "Frameworks", "{151DB3CA-05EA-4971-808F-5113060C4786}"
EndProject
Project("{FAE04EC0-301F-11D3-BF4B-00C04F79EFBC}") = "Logger", "Logger\Logger.csproj", "{CBE1712E-1BC2-4044-9600-C15F59987A42}"
EndProject
Project("{FAE04EC0-301F-11D3-BF4B-00C04F79EFBC}") = "ErrorMessages", "ErrorMessages\ErrorMessages.csproj", "{A018CA1B-B17F-4D7B-B603-E6D9B5E6A929}"
EndProject
Project("{FAE04EC0-301F-11D3-BF4B-00C04F79EFBC}") = "AllegroFramework", "AllegroFramework\AllegroFramework.csproj", "{590517C8-A001-4205-993C-7FE6B3DB6786}"
EndProject
Project("{FAE04EC0-301F-11D3-BF4B-00C04F79EFBC}") = "CaptureScreenshot", "CaptureScreenshot\CaptureScreenshot.csproj", "{CA1E923E-D399-42C5-8302-E6162768863C}"
EndProject
Project("{FAE04EC0-301F-11D3-BF4B-00C04F79EFBC}") = "Tests", "Tests\Tests.csproj", "{04FF1BD8-E176-496A-A166-C6998424472A}"
EndProject
Project("{2150E333-8FDC-42A3-9474-1A3956D46DE8}") = "Solution Items", "Solution Items", "{7B91E99A-11F9-432E-937E-7CE56DC170D1}"
	ProjectSection(SolutionItems) = preProject
		Solution.ruleset = Solution.ruleset
	EndProjectSection
EndProject
Project("{FAE04EC0-301F-11D3-BF4B-00C04F79EFBC}") = "Elements", "Elements\Elements.csproj", "{2023EF11-6876-4CAC-86EC-A8A6ACF5384E}"
EndProject
Global
	GlobalSection(SolutionConfigurationPlatforms) = preSolution
		Debug|Any CPU = Debug|Any CPU
		Release|Any CPU = Release|Any CPU
	EndGlobalSection
	GlobalSection(ProjectConfigurationPlatforms) = postSolution
		{D43DCDCE-8896-49D9-97A8-C9978F1DAC7F}.Debug|Any CPU.ActiveCfg = Debug|Any CPU
		{D43DCDCE-8896-49D9-97A8-C9978F1DAC7F}.Debug|Any CPU.Build.0 = Debug|Any CPU
		{D43DCDCE-8896-49D9-97A8-C9978F1DAC7F}.Release|Any CPU.ActiveCfg = Release|Any CPU
		{D43DCDCE-8896-49D9-97A8-C9978F1DAC7F}.Release|Any CPU.Build.0 = Release|Any CPU
		{DCF2DBB3-E042-4E79-BA1A-DFD1B12D618E}.Debug|Any CPU.ActiveCfg = Debug|Any CPU
		{DCF2DBB3-E042-4E79-BA1A-DFD1B12D618E}.Debug|Any CPU.Build.0 = Debug|Any CPU
		{DCF2DBB3-E042-4E79-BA1A-DFD1B12D618E}.Release|Any CPU.ActiveCfg = Release|Any CPU
		{DCF2DBB3-E042-4E79-BA1A-DFD1B12D618E}.Release|Any CPU.Build.0 = Release|Any CPU
		{8DD7C082-FB9F-4FC3-B34B-B6EFA190D0FD}.Debug|Any CPU.ActiveCfg = Debug|Any CPU
		{8DD7C082-FB9F-4FC3-B34B-B6EFA190D0FD}.Debug|Any CPU.Build.0 = Debug|Any CPU
		{8DD7C082-FB9F-4FC3-B34B-B6EFA190D0FD}.Release|Any CPU.ActiveCfg = Release|Any CPU
		{8DD7C082-FB9F-4FC3-B34B-B6EFA190D0FD}.Release|Any CPU.Build.0 = Release|Any CPU
		{867DB4ED-F578-4126-B27E-D55F5397813D}.Debug|Any CPU.ActiveCfg = Debug|Any CPU
		{867DB4ED-F578-4126-B27E-D55F5397813D}.Debug|Any CPU.Build.0 = Debug|Any CPU
		{867DB4ED-F578-4126-B27E-D55F5397813D}.Release|Any CPU.ActiveCfg = Release|Any CPU
		{867DB4ED-F578-4126-B27E-D55F5397813D}.Release|Any CPU.Build.0 = Release|Any CPU
		{2E32A63B-AF4F-4F2E-8F8A-177E4D2A567F}.Debug|Any CPU.ActiveCfg = Debug|Any CPU
		{2E32A63B-AF4F-4F2E-8F8A-177E4D2A567F}.Debug|Any CPU.Build.0 = Debug|Any CPU
		{2E32A63B-AF4F-4F2E-8F8A-177E4D2A567F}.Release|Any CPU.ActiveCfg = Release|Any CPU
		{2E32A63B-AF4F-4F2E-8F8A-177E4D2A567F}.Release|Any CPU.Build.0 = Release|Any CPU
		{6A216443-C7F2-403F-88E7-B2D7C285C468}.Debug|Any CPU.ActiveCfg = Debug|Any CPU
		{6A216443-C7F2-403F-88E7-B2D7C285C468}.Debug|Any CPU.Build.0 = Debug|Any CPU
		{6A216443-C7F2-403F-88E7-B2D7C285C468}.Release|Any CPU.ActiveCfg = Release|Any CPU
		{6A216443-C7F2-403F-88E7-B2D7C285C468}.Release|Any CPU.Build.0 = Release|Any CPU
		{B74B901E-4D4D-4D0D-A7DE-1472F8CEF551}.Debug|Any CPU.ActiveCfg = Debug|Any CPU
		{B74B901E-4D4D-4D0D-A7DE-1472F8CEF551}.Debug|Any CPU.Build.0 = Debug|Any CPU
		{B74B901E-4D4D-4D0D-A7DE-1472F8CEF551}.Release|Any CPU.ActiveCfg = Release|Any CPU
		{B74B901E-4D4D-4D0D-A7DE-1472F8CEF551}.Release|Any CPU.Build.0 = Release|Any CPU
		{D6702E43-1608-4956-B63D-3D53346FB196}.Debug|Any CPU.ActiveCfg = Debug|Any CPU
		{D6702E43-1608-4956-B63D-3D53346FB196}.Debug|Any CPU.Build.0 = Debug|Any CPU
		{D6702E43-1608-4956-B63D-3D53346FB196}.Release|Any CPU.ActiveCfg = Release|Any CPU
		{D6702E43-1608-4956-B63D-3D53346FB196}.Release|Any CPU.Build.0 = Release|Any CPU
		{8DEE175C-B023-4F10-8AB9-8E00E0CC9B8F}.Debug|Any CPU.ActiveCfg = Debug|Any CPU
		{8DEE175C-B023-4F10-8AB9-8E00E0CC9B8F}.Debug|Any CPU.Build.0 = Debug|Any CPU
		{8DEE175C-B023-4F10-8AB9-8E00E0CC9B8F}.Release|Any CPU.ActiveCfg = Release|Any CPU
		{8DEE175C-B023-4F10-8AB9-8E00E0CC9B8F}.Release|Any CPU.Build.0 = Release|Any CPU
		{6834AD63-0FA8-4F5D-A16E-E019DC4EB2D6}.Debug|Any CPU.ActiveCfg = Debug|Any CPU
		{6834AD63-0FA8-4F5D-A16E-E019DC4EB2D6}.Debug|Any CPU.Build.0 = Debug|Any CPU
		{6834AD63-0FA8-4F5D-A16E-E019DC4EB2D6}.Release|Any CPU.ActiveCfg = Release|Any CPU
		{6834AD63-0FA8-4F5D-A16E-E019DC4EB2D6}.Release|Any CPU.Build.0 = Release|Any CPU
		{CBE1712E-1BC2-4044-9600-C15F59987A42}.Debug|Any CPU.ActiveCfg = Debug|Any CPU
		{CBE1712E-1BC2-4044-9600-C15F59987A42}.Debug|Any CPU.Build.0 = Debug|Any CPU
		{CBE1712E-1BC2-4044-9600-C15F59987A42}.Release|Any CPU.ActiveCfg = Release|Any CPU
		{CBE1712E-1BC2-4044-9600-C15F59987A42}.Release|Any CPU.Build.0 = Release|Any CPU
		{A018CA1B-B17F-4D7B-B603-E6D9B5E6A929}.Debug|Any CPU.ActiveCfg = Debug|Any CPU
		{A018CA1B-B17F-4D7B-B603-E6D9B5E6A929}.Debug|Any CPU.Build.0 = Debug|Any CPU
		{A018CA1B-B17F-4D7B-B603-E6D9B5E6A929}.Release|Any CPU.ActiveCfg = Release|Any CPU
		{A018CA1B-B17F-4D7B-B603-E6D9B5E6A929}.Release|Any CPU.Build.0 = Release|Any CPU
		{590517C8-A001-4205-993C-7FE6B3DB6786}.Debug|Any CPU.ActiveCfg = Debug|Any CPU
		{590517C8-A001-4205-993C-7FE6B3DB6786}.Debug|Any CPU.Build.0 = Debug|Any CPU
		{590517C8-A001-4205-993C-7FE6B3DB6786}.Release|Any CPU.ActiveCfg = Release|Any CPU
		{590517C8-A001-4205-993C-7FE6B3DB6786}.Release|Any CPU.Build.0 = Release|Any CPU
		{CA1E923E-D399-42C5-8302-E6162768863C}.Debug|Any CPU.ActiveCfg = Debug|Any CPU
		{CA1E923E-D399-42C5-8302-E6162768863C}.Debug|Any CPU.Build.0 = Debug|Any CPU
		{CA1E923E-D399-42C5-8302-E6162768863C}.Release|Any CPU.ActiveCfg = Release|Any CPU
		{CA1E923E-D399-42C5-8302-E6162768863C}.Release|Any CPU.Build.0 = Release|Any CPU
		{04FF1BD8-E176-496A-A166-C6998424472A}.Debug|Any CPU.ActiveCfg = Debug|Any CPU
		{04FF1BD8-E176-496A-A166-C6998424472A}.Debug|Any CPU.Build.0 = Debug|Any CPU
		{04FF1BD8-E176-496A-A166-C6998424472A}.Release|Any CPU.ActiveCfg = Release|Any CPU
		{04FF1BD8-E176-496A-A166-C6998424472A}.Release|Any CPU.Build.0 = Release|Any CPU
		{2023EF11-6876-4CAC-86EC-A8A6ACF5384E}.Debug|Any CPU.ActiveCfg = Debug|Any CPU
		{2023EF11-6876-4CAC-86EC-A8A6ACF5384E}.Debug|Any CPU.Build.0 = Debug|Any CPU
		{2023EF11-6876-4CAC-86EC-A8A6ACF5384E}.Release|Any CPU.ActiveCfg = Release|Any CPU
		{2023EF11-6876-4CAC-86EC-A8A6ACF5384E}.Release|Any CPU.Build.0 = Release|Any CPU
	EndGlobalSection
	GlobalSection(SolutionProperties) = preSolution
		HideSolutionNode = FALSE
	EndGlobalSection
	GlobalSection(NestedProjects) = preSolution
		{D43DCDCE-8896-49D9-97A8-C9978F1DAC7F} = {816BF9AA-CAF9-4B90-9B6E-BC688A7585CF}
		{DCF2DBB3-E042-4E79-BA1A-DFD1B12D618E} = {816BF9AA-CAF9-4B90-9B6E-BC688A7585CF}
		{8DD7C082-FB9F-4FC3-B34B-B6EFA190D0FD} = {816BF9AA-CAF9-4B90-9B6E-BC688A7585CF}
		{867DB4ED-F578-4126-B27E-D55F5397813D} = {151DB3CA-05EA-4971-808F-5113060C4786}
		{6A216443-C7F2-403F-88E7-B2D7C285C468} = {816BF9AA-CAF9-4B90-9B6E-BC688A7585CF}
		{B74B901E-4D4D-4D0D-A7DE-1472F8CEF551} = {151DB3CA-05EA-4971-808F-5113060C4786}
		{D6702E43-1608-4956-B63D-3D53346FB196} = {151DB3CA-05EA-4971-808F-5113060C4786}
		{6834AD63-0FA8-4F5D-A16E-E019DC4EB2D6} = {151DB3CA-05EA-4971-808F-5113060C4786}
		{590517C8-A001-4205-993C-7FE6B3DB6786} = {151DB3CA-05EA-4971-808F-5113060C4786}
		{04FF1BD8-E176-496A-A166-C6998424472A} = {816BF9AA-CAF9-4B90-9B6E-BC688A7585CF}
	EndGlobalSection
	GlobalSection(ExtensibilityGlobals) = postSolution
		SolutionGuid = {C08E7FDF-863D-411C-B910-0F3C67F0FC12}
	EndGlobalSection
EndGlobal
