
Microsoft Visual Studio Solution File, Format Version 12.00
# Visual Studio Version 16
VisualStudioVersion = 16.0.29230.47
MinimumVisualStudioVersion = 10.0.40219.1
Project("{9A19103F-16F7-4668-BE54-9A1E7A4F7556}") = "Tests", "Tests\Tests.csproj", "{387CFE63-C6E2-4EFC-AF85-91528E5FE705}"
EndProject
Project("{9A19103F-16F7-4668-BE54-9A1E7A4F7556}") = "Framework", "Framework\Framework.csproj", "{C0A7E901-8BA8-47D1-810A-B32BE1F8940B}"
EndProject
Project("{FAE04EC0-301F-11D3-BF4B-00C04F79EFBC}") = "AllegroTests", "AllegroTests\AllegroTests.csproj", "{D43DCDCE-8896-49D9-97A8-C9978F1DAC7F}"
EndProject
Project("{FAE04EC0-301F-11D3-BF4B-00C04F79EFBC}") = "CeneoTests", "CeneoTests\CeneoTests.csproj", "{DCF2DBB3-E042-4E79-BA1A-DFD1B12D618E}"
	ProjectSection(ProjectDependencies) = postProject
		{867DB4ED-F578-4126-B27E-D55F5397813D} = {867DB4ED-F578-4126-B27E-D55F5397813D}
	EndProjectSection
EndProject
Project("{FAE04EC0-301F-11D3-BF4B-00C04F79EFBC}") = "OlxTests", "OlxTests\OlxTests.csproj", "{8DD7C082-FB9F-4FC3-B34B-B6EFA190D0FD}"
EndProject
Project("{FAE04EC0-301F-11D3-BF4B-00C04F79EFBC}") = "CeneoFramework", "CeneoFramework\CeneoFramework.csproj", "{867DB4ED-F578-4126-B27E-D55F5397813D}"
EndProject
Project("{FAE04EC0-301F-11D3-BF4B-00C04F79EFBC}") = "Selenium", "Selenium\Selenium.csproj", "{2E32A63B-AF4F-4F2E-8F8A-177E4D2A567F}"
EndProject
Global
	GlobalSection(SolutionConfigurationPlatforms) = preSolution
		Debug|Any CPU = Debug|Any CPU
		Release|Any CPU = Release|Any CPU
	EndGlobalSection
	GlobalSection(ProjectConfigurationPlatforms) = postSolution
		{387CFE63-C6E2-4EFC-AF85-91528E5FE705}.Debug|Any CPU.ActiveCfg = Debug|Any CPU
		{387CFE63-C6E2-4EFC-AF85-91528E5FE705}.Debug|Any CPU.Build.0 = Debug|Any CPU
		{387CFE63-C6E2-4EFC-AF85-91528E5FE705}.Release|Any CPU.ActiveCfg = Release|Any CPU
		{387CFE63-C6E2-4EFC-AF85-91528E5FE705}.Release|Any CPU.Build.0 = Release|Any CPU
		{C0A7E901-8BA8-47D1-810A-B32BE1F8940B}.Debug|Any CPU.ActiveCfg = Debug|Any CPU
		{C0A7E901-8BA8-47D1-810A-B32BE1F8940B}.Debug|Any CPU.Build.0 = Debug|Any CPU
		{C0A7E901-8BA8-47D1-810A-B32BE1F8940B}.Release|Any CPU.ActiveCfg = Release|Any CPU
		{C0A7E901-8BA8-47D1-810A-B32BE1F8940B}.Release|Any CPU.Build.0 = Release|Any CPU
		{D43DCDCE-8896-49D9-97A8-C9978F1DAC7F}.Debug|Any CPU.ActiveCfg = Debug|Any CPU
		{D43DCDCE-8896-49D9-97A8-C9978F1DAC7F}.Debug|Any CPU.Build.0 = Debug|Any CPU
		{D43DCDCE-8896-49D9-97A8-C9978F1DAC7F}.Release|Any CPU.ActiveCfg = Release|Any CPU
		{D43DCDCE-8896-49D9-97A8-C9978F1DAC7F}.Release|Any CPU.Build.0 = Release|Any CPU
		{DCF2DBB3-E042-4E79-BA1A-DFD1B12D618E}.Debug|Any CPU.ActiveCfg = Debug|Any CPU
		{DCF2DBB3-E042-4E79-BA1A-DFD1B12D618E}.Debug|Any CPU.Build.0 = Debug|Any CPU
		{DCF2DBB3-E042-4E79-BA1A-DFD1B12D618E}.Release|Any CPU.ActiveCfg = Release|Any CPU
		{DCF2DBB3-E042-4E79-BA1A-DFD1B12D618E}.Release|Any CPU.Build.0 = Release|Any CPU
		{8DD7C082-FB9F-4FC3-B34B-B6EFA190D0FD}.Debug|Any CPU.ActiveCfg = Debug|Any CPU
		{8DD7C082-FB9F-4FC3-B34B-B6EFA190D0FD}.Debug|Any CPU.Build.0 = Debug|Any CPU
		{8DD7C082-FB9F-4FC3-B34B-B6EFA190D0FD}.Release|Any CPU.ActiveCfg = Release|Any CPU
		{8DD7C082-FB9F-4FC3-B34B-B6EFA190D0FD}.Release|Any CPU.Build.0 = Release|Any CPU
		{867DB4ED-F578-4126-B27E-D55F5397813D}.Debug|Any CPU.ActiveCfg = Debug|Any CPU
		{867DB4ED-F578-4126-B27E-D55F5397813D}.Debug|Any CPU.Build.0 = Debug|Any CPU
		{867DB4ED-F578-4126-B27E-D55F5397813D}.Release|Any CPU.ActiveCfg = Release|Any CPU
		{867DB4ED-F578-4126-B27E-D55F5397813D}.Release|Any CPU.Build.0 = Release|Any CPU
		{2E32A63B-AF4F-4F2E-8F8A-177E4D2A567F}.Debug|Any CPU.ActiveCfg = Debug|Any CPU
		{2E32A63B-AF4F-4F2E-8F8A-177E4D2A567F}.Debug|Any CPU.Build.0 = Debug|Any CPU
		{2E32A63B-AF4F-4F2E-8F8A-177E4D2A567F}.Release|Any CPU.ActiveCfg = Release|Any CPU
		{2E32A63B-AF4F-4F2E-8F8A-177E4D2A567F}.Release|Any CPU.Build.0 = Release|Any CPU
	EndGlobalSection
	GlobalSection(SolutionProperties) = preSolution
		HideSolutionNode = FALSE
	EndGlobalSection
	GlobalSection(ExtensibilityGlobals) = postSolution
		SolutionGuid = {C08E7FDF-863D-411C-B910-0F3C67F0FC12}
	EndGlobalSection
EndGlobal
